
Microsoft Visual Studio Solution File, Format Version 12.00
# Visual Studio 15
VisualStudioVersion = 15.0.28307.168
MinimumVisualStudioVersion = 10.0.40219.1
Project("{FAE04EC0-301F-11D3-BF4B-00C04F79EFBC}") = "CurveDatabase2d", "2dCurveDatabase\CurveDatabase2d.csproj", "{F13EAEAE-500A-4BED-A5C5-593FF0972498}"
EndProject
Global
	GlobalSection(SolutionConfigurationPlatforms) = preSolution
		Debug|Any CPU = Debug|Any CPU
		Release|Any CPU = Release|Any CPU
	EndGlobalSection
	GlobalSection(ProjectConfigurationPlatforms) = postSolution
		{F13EAEAE-500A-4BED-A5C5-593FF0972498}.Debug|Any CPU.ActiveCfg = Debug|Any CPU
		{F13EAEAE-500A-4BED-A5C5-593FF0972498}.Debug|Any CPU.Build.0 = Debug|Any CPU
		{F13EAEAE-500A-4BED-A5C5-593FF0972498}.Release|Any CPU.ActiveCfg = Release|Any CPU
		{F13EAEAE-500A-4BED-A5C5-593FF0972498}.Release|Any CPU.Build.0 = Release|Any CPU
	EndGlobalSection
	GlobalSection(SolutionProperties) = preSolution
		HideSolutionNode = FALSE
	EndGlobalSection
	GlobalSection(ExtensibilityGlobals) = postSolution
		SolutionGuid = {81F8AB3E-FDB6-4E70-AEE8-89EBF5E7377B}
	EndGlobalSection
EndGlobal
